# This file is autogenerated, do not edit; changes may be undone by the next 'dep ensure'.


[[projects]]
  branch = "master"
  name = "github.com/gorilla/context"
  packages = ["."]
  revision = "08b5f424b9271eedf6f9f0ce86cb9396ed337a42"

[[projects]]
  name = "github.com/gorilla/mux"
  packages = ["."]
  revision = "7625a85c14e615274a4ee4bc8654f72310a563e4"

[[projects]]
  name = "github.com/hashicorp/consul"
  packages = ["api"]
  revision = "610f3c86a089817b5bd5729a3b8c2db33a9ae2b0"

[[projects]]
  name = "github.com/hashicorp/go-cleanhttp"
  packages = ["."]
  revision = "3573b8b52aa7b37b9358d966a898feb387f62437"

[[projects]]
  branch = "master"
  name = "github.com/hashicorp/go-rootcerts"
  packages = ["."]
  revision = "6bb64b370b90e7ef1fa532be9e591a81c3493e00"

[[projects]]
  name = "github.com/hashicorp/serf"
  packages = ["coordinate"]
  revision = "c20a0b1b1ea9eb8168bcdec0116688fa9254e449"

[[projects]]
  branch = "master"
  name = "github.com/mitchellh/go-homedir"
  packages = ["."]
  revision = "b8bc1bf767474819792c23f32d8286a45736f1c6"

[[projects]]
  branch = "master"
  name = "github.com/sirupsen/logrus"
  packages = ["."]
  revision = "778f2e774c725116edbc3d039dc0dfc1cc62aae8"

[[projects]]
  branch = "master"
  name = "golang.org/x/crypto"
  packages = ["ssh/terminal"]
  revision = "b49d69b5da943f7ef3c9cf91c8777c1f78a0cc3c"

[[projects]]
  branch = "master"
  name = "golang.org/x/sys"
  packages = [
    "unix",
    "windows"
  ]
  revision = "cbbc999da32df943dac6cd71eb3ee39e1d7838b9"

[solve-meta]
  analyzer-name = "dep"
  analyzer-version = 1
  inputs-digest = "6c96bd091dd66f25990f00f3af92825c08e9efd4bf6bb3c5adaa9eaf5695bf12"
  solver-name = "gps-cdcl"
  solver-version = 1
